
Microsoft Visual Studio Solution File, Format Version 12.00
# Visual Studio Version 17
VisualStudioVersion = 17.6.33815.320
MinimumVisualStudioVersion = 10.0.40219.1
Project("{FAE04EC0-301F-11D3-BF4B-00C04F79EFBC}") = "WinUtil", "WinUtil.csproj", "{D93D68F4-6DC1-471B-A771-FE6C6A001B9D}"
EndProject
Project("{FAE04EC0-301F-11D3-BF4B-00C04F79EFBC}") = "Starter", "Starter\Starter.csproj", "{90B91F30-D0AC-4207-B8F4-7BCA845742E1}"
EndProject
Global
	GlobalSection(SolutionConfigurationPlatforms) = preSolution
		Debug|Any CPU = Debug|Any CPU
		Debug|x64 = Debug|x64
		Release|Any CPU = Release|Any CPU
		Release|x64 = Release|x64
	EndGlobalSection
	GlobalSection(ProjectConfigurationPlatforms) = postSolution
		{D93D68F4-6DC1-471B-A771-FE6C6A001B9D}.Debug|Any CPU.ActiveCfg = Debug|Any CPU
		{D93D68F4-6DC1-471B-A771-FE6C6A001B9D}.Debug|Any CPU.Build.0 = Debug|Any CPU
		{D93D68F4-6DC1-471B-A771-FE6C6A001B9D}.Debug|x64.ActiveCfg = Debug|x64
		{D93D68F4-6DC1-471B-A771-FE6C6A001B9D}.Debug|x64.Build.0 = Debug|x64
		{D93D68F4-6DC1-471B-A771-FE6C6A001B9D}.Release|Any CPU.ActiveCfg = Release|Any CPU
		{D93D68F4-6DC1-471B-A771-FE6C6A001B9D}.Release|Any CPU.Build.0 = Release|Any CPU
		{D93D68F4-6DC1-471B-A771-FE6C6A001B9D}.Release|x64.ActiveCfg = Debug|x64
		{D93D68F4-6DC1-471B-A771-FE6C6A001B9D}.Release|x64.Build.0 = Debug|x64
		{90B91F30-D0AC-4207-B8F4-7BCA845742E1}.Debug|Any CPU.ActiveCfg = Debug|Any CPU
		{90B91F30-D0AC-4207-B8F4-7BCA845742E1}.Debug|Any CPU.Build.0 = Debug|Any CPU
		{90B91F30-D0AC-4207-B8F4-7BCA845742E1}.Debug|x64.ActiveCfg = Debug|Any CPU
		{90B91F30-D0AC-4207-B8F4-7BCA845742E1}.Debug|x64.Build.0 = Debug|Any CPU
		{90B91F30-D0AC-4207-B8F4-7BCA845742E1}.Release|Any CPU.ActiveCfg = Release|Any CPU
		{90B91F30-D0AC-4207-B8F4-7BCA845742E1}.Release|Any CPU.Build.0 = Release|Any CPU
		{90B91F30-D0AC-4207-B8F4-7BCA845742E1}.Release|x64.ActiveCfg = Release|Any CPU
		{90B91F30-D0AC-4207-B8F4-7BCA845742E1}.Release|x64.Build.0 = Release|Any CPU
	EndGlobalSection
	GlobalSection(SolutionProperties) = preSolution
		HideSolutionNode = FALSE
	EndGlobalSection
	GlobalSection(ExtensibilityGlobals) = postSolution
		SolutionGuid = {0B72F5DB-1366-45BF-84E4-547147EB039D}
	EndGlobalSection
EndGlobal
