
Microsoft Visual Studio Solution File, Format Version 12.00
# Visual Studio Version 17
VisualStudioVersion = 17.7.34024.191
MinimumVisualStudioVersion = 10.0.40219.1
Project("{FAE04EC0-301F-11D3-BF4B-00C04F79EFBC}") = "WinUtil", "WinUtil.csproj", "{FE8E9CB6-1CBB-4928-AA6E-2672C019DFFC}"
EndProject
Global
	GlobalSection(SolutionConfigurationPlatforms) = preSolution
		Debug|Any CPU = Debug|Any CPU
		Release|Any CPU = Release|Any CPU
	EndGlobalSection
	GlobalSection(ProjectConfigurationPlatforms) = postSolution
		{FE8E9CB6-1CBB-4928-AA6E-2672C019DFFC}.Debug|Any CPU.ActiveCfg = Debug|Any CPU
		{FE8E9CB6-1CBB-4928-AA6E-2672C019DFFC}.Debug|Any CPU.Build.0 = Debug|Any CPU
		{FE8E9CB6-1CBB-4928-AA6E-2672C019DFFC}.Release|Any CPU.ActiveCfg = Release|Any CPU
		{FE8E9CB6-1CBB-4928-AA6E-2672C019DFFC}.Release|Any CPU.Build.0 = Release|Any CPU
	EndGlobalSection
	GlobalSection(SolutionProperties) = preSolution
		HideSolutionNode = FALSE
	EndGlobalSection
	GlobalSection(ExtensibilityGlobals) = postSolution
		SolutionGuid = {57D4B6C5-1B0A-46CF-BBA5-0257C1FBB905}
	EndGlobalSection
EndGlobal
